{
 "builtins": [
  "args",
  "channel",
  "char_at",
  "chr",
  "clock",
  "close",
  "die",
  "eprint",
  "exit",
  "find",
  "get",
  "getenv",
  "hash",
  "input",
  "is_null",
  "len",
  "list_dir",
  "ncpu",
  "now",
  "pop",
  "print",
  "println",
  "push",
  "read_all",
  "read_file",
  "recv",
  "reserve",
  "send",
  "split",
  "sqrt",
  "str",
  "substr",
  "to_bytes",
  "to_char",
  "to_float",
  "to_i32",
  "to_int",
  "to_ptr",
  "to_u32",
  "wait",
  "write_file"
 ],
 "corelib": {
  "arrays.concat": "(a: [$T], b: [$T])-> [$T]",
  "arrays.contains": "(xs: [$T], x: $T)-> bool",
  "arrays.count": "(xs: [$T], x: $T)-> int",
  "arrays.dedup": "(xs: [$T])-> [$T]",
  "arrays.drop": "(xs: [$T], n: int)-> [$T]",
  "arrays.fill": "(n: int, v: $T)-> [$T]",
  "arrays.index_of": "(xs: [$T], x: $T)-> int",
  "arrays.is_sorted": "(xs: [$T])-> bool where comparable(T)",
  "arrays.join": "(xs: [$T], sep: string)-> string where has_str(T)",
  "arrays.max": "(xs: [$T])-> $T where comparable(T)",
  "arrays.min": "(xs: [$T])-> $T where comparable(T)",
  "arrays.product": "(xs: [$T])-> $T where numeric(T)",
  "arrays.reverse": "(xs: [$T])-> [$T]",
  "arrays.sort": "(xs: [$T])-> [$T] where comparable(T)",
  "arrays.sum": "(xs: [$T])-> $T where numeric(T)",
  "arrays.take": "(xs: [$T], n: int)-> [$T]",
  "base64.dec_val": "(c: int)-> int",
  "base64.decode": "(s: string)-> string",
  "base64.enc_char": "(n: int, url: bool)-> int",
  "base64.encode": "(s: string)-> string",
  "base64.encode_impl": "(s: string, url: bool, pad: bool)-> string",
  "base64.encode_url": "(s: string)-> string",
  "bignum.abs": "(a: Big)-> Big",
  "bignum.add": "(a: Big, b: Big)-> Big",
  "bignum.cmp": "(a: Big, b: Big)-> int",
  "bignum.div": "(a: Big, b: Big)-> Big",
  "bignum.divmod": "(a: Big, b: Big)-> (Big, Big)",
  "bignum.from_int": "(n: int)-> Big",
  "bignum.from_str": "(s: string)-> Big",
  "bignum.is_zero": "(a: Big)-> bool",
  "bignum.mag_add": "(x: [int], y: [int])-> [int]",
  "bignum.mag_cmp": "(x: [int], y: [int])-> int",
  "bignum.mag_divmod": "(u: [int], v: [int])-> ([int], [int])",
  "bignum.mag_mul": "(x: [int], y: [int])-> [int]",
  "bignum.mag_sub": "(x: [int], y: [int])-> [int]",
  "bignum.mod": "(a: Big, b: Big)-> Big",
  "bignum.mul": "(a: Big, b: Big)-> Big",
  "bignum.neg": "(a: Big)-> Big",
  "bignum.pad_limb": "(v: int)-> string",
  "bignum.pow": "(a: Big, e: int)-> Big",
  "bignum.reverse": "(a: [int])-> [int]",
  "bignum.shift_add": "(r: [int], digit: int)-> [int]",
  "bignum.strip": "(r: [int])-> [int]",
  "bignum.sub": "(a: Big, b: Big)-> Big",
  "bignum.to_int": "(a: Big)-> int",
  "bignum.to_str": "(a: Big)-> string",
  "bignum.zero": "()-> Big",
  "char.digit_val": "(c: int)-> int",
  "char.hex_val": "(c: int)-> int",
  "char.is_alnum": "(c: int)-> bool",
  "char.is_alpha": "(c: int)-> bool",
  "char.is_digit": "(c: int)-> bool",
  "char.is_hex": "(c: int)-> bool",
  "char.is_lower": "(c: int)-> bool",
  "char.is_space": "(c: int)-> bool",
  "char.is_upper": "(c: int)-> bool",
  "char.to_lower": "(c: int)-> int",
  "char.to_upper": "(c: int)-> int",
  "cli.argv": "()-> [string]",
  "cli.count": "(c: Cli)-> int",
  "cli.flag": "(c: Cli, name_in: string)-> bool",
  "cli.get": "(c: Cli, key_in: string, dflt: string)-> string",
  "cli.has": "(c: Cli, key_in: string)-> bool",
  "cli.in_list": "(xs: [string], s: string)-> bool",
  "cli.is_long": "(s: string)-> bool",
  "cli.is_short": "(s: string)-> bool",
  "cli.missing": "(c: Cli)-> [string]",
  "cli.parse": "(av: [string])-> Cli",
  "cli.parse_checked": "(av: [string], valued: [string], boolean: [string])-> Result(Cli, CliErr)",
  "cli.parse_into": "(av_in: [string], valued_in: [string], boolean_in: [string], strict: bool)-> Cli",
  "cli.parse_spec": "(av: [string], valued: [string], boolean: [string])-> Cli",
  "cli.positionals": "(c: Cli)-> [string]",
  "cli.undash": "(s: string)-> string",
  "cli.undash_all": "(xs: [string])-> [string]",
  "cli.unknown": "(c: Cli)-> [string]",
  "compress._cause": "(st: int)-> ZErr",
  "compress.compress": "(data: bytes)-> bytes",
  "compress.decompress": "(data: bytes)-> Result(bytes, ZErr)",
  "compress.raw_compress": "(data: bytes)-> bytes",
  "compress.raw_decompress": "(data: bytes)-> Result(bytes, ZErr)",
  "crypto.aead_decrypt": "(key: ptr, nonce_hex: string, ciphertext_hex: string, aad_hex: string)-> string",
  "crypto.aead_encrypt": "(key: ptr, nonce_hex: string, plaintext_hex: string, aad_hex: string)-> string",
  "crypto.ct_equal": "(a_hex: string, b_hex: string)-> bool",
  "crypto.ed25519_key_from_seed": "(seed_hex: string)-> ptr",
  "crypto.ed25519_key_random": "()-> ptr",
  "crypto.ed25519_pubkey": "(key: ptr)-> string",
  "crypto.ed25519_sign": "(key: ptr, msg_hex: string)-> string",
  "crypto.ed25519_verify": "(pub_hex: string, msg_hex: string, sig_hex: string)-> bool",
  "crypto.hmac_sha256": "(key: ptr, msg_hex: string)-> string",
  "crypto.key_export_hex": "(k: ptr)-> string",
  "crypto.key_free": "(k: ptr)",
  "crypto.key_from_hex": "(hex: string)-> ptr",
  "crypto.key_len": "(k: ptr)-> int",
  "crypto.key_random": "(n: int)-> ptr",
  "crypto.pbkdf2_sha256": "(password: string, salt_hex: string, iters: int, dklen: int)-> ptr",
  "crypto.random_hex": "(n: int)-> string",
  "crypto.sha256": "(msg_hex: string)-> string",
  "crypto.sha512": "(msg_hex: string)-> string",
  "crypto.x25519_key_from_secret": "(secret_hex: string)-> ptr",
  "crypto.x25519_key_random": "()-> ptr",
  "crypto.x25519_pubkey": "(key: ptr)-> string",
  "crypto.x25519_shared": "(my_key: ptr, their_pubkey_hex: string)-> ptr",
  "csv.get": "(rows: [[string]], r: int, c: int)-> string",
  "csv.needs_quote": "(f: string, d: int)-> bool",
  "csv.parse": "(s: string)-> [[string]]",
  "csv.parse_delim": "(s: string, d: int)-> [[string]]",
  "csv.parse_row": "(s: string, n: int, pos: inout int, d: int)-> [string]",
  "csv.quote_field": "(f: string)-> string",
  "csv.stringify": "(rows: [[string]])-> string",
  "csv.stringify_delim": "(rows: [[string]], d: int)-> string",
  "datetime.all_digits": "(s: string, a: int, b: int)-> bool",
  "datetime.bad": "()-> DateTime",
  "datetime.civil_from_days": "(z0: int)-> (int, int, int)",
  "datetime.days_from_civil": "(y0: int, m: int, d: int)-> int",
  "datetime.days_in_month": "(y: int, m: int)-> int",
  "datetime.digits_val": "(s: string, a: int, b: int)-> int",
  "datetime.format_iso": "(dt: DateTime)-> string",
  "datetime.format_iso_tz": "(dt: DateTime, offset_secs: int)-> string",
  "datetime.format_offset": "(offset_secs: int)-> string",
  "datetime.from_unix": "(secs: int)-> DateTime",
  "datetime.from_unix_at": "(secs: int, offset_secs: int)-> DateTime",
  "datetime.from_unix_local": "(secs: int)-> DateTime",
  "datetime.is_digit": "(c: int)-> bool",
  "datetime.is_leap": "(y: int)-> bool",
  "datetime.local_offset": "(secs: int)-> int",
  "datetime.month_name": "(m: int)-> string",
  "datetime.month_num": "(mon: string)-> int",
  "datetime.now_local": "()-> DateTime",
  "datetime.now_utc": "()-> DateTime",
  "datetime.offset_at": "(tz: string, secs: int)-> int",
  "datetime.ok": "(dt: DateTime)-> bool",
  "datetime.pad2": "(n: int)-> string",
  "datetime.pad4": "(n: int)-> string",
  "datetime.parse_clf": "(s: string)-> DateTime",
  "datetime.parse_clf_offset": "(s: string, at: int)-> (int, bool)",
  "datetime.parse_clf_tz": "(s: string)-> DateTime",
  "datetime.parse_iso": "(s: string)-> DateTime",
  "datetime.parse_iso_tz": "(s: string)-> DateTime",
  "datetime.parse_offset": "(s: string, at: int)-> (int, bool)",
  "datetime.to_unix": "(dt: DateTime)-> int",
  "datetime.to_unix_at": "(dt: DateTime, offset_secs: int)-> int",
  "datetime.weekday": "(y: int, m: int, d: int)-> int",
  "datetime.weekday_from_days": "(z: int)-> int",
  "datetime.weekday_name": "(wd: int)-> string",
  "decimal.abs": "(a: Decimal)-> Decimal",
  "decimal.add": "(a: Decimal, b: Decimal)-> Decimal",
  "decimal.cmp": "(a: Decimal, b: Decimal)-> int",
  "decimal.div": "(a: Decimal, b: Decimal, scale: int, mode: int)-> Result(Decimal, DivErr)",
  "decimal.err_str": "(e: DecErr)-> string",
  "decimal.from_int": "(n: int)-> Decimal",
  "decimal.from_str": "(s: string)-> Decimal",
  "decimal.from_str_checked": "(s: string)-> Result(Decimal, DecErr)",
  "decimal.half_up": "()-> int",
  "decimal.is_zero": "(a: Decimal)-> bool",
  "decimal.mul": "(a: Decimal, b: Decimal)-> Decimal",
  "decimal.neg": "(a: Decimal)-> Decimal",
  "decimal.parse_unchecked": "(s: string)-> Decimal",
  "decimal.rescale": "(a: Decimal, newscale: int)-> Decimal",
  "decimal.scale_up": "(c: bignum.Big, k: int)-> bignum.Big",
  "decimal.sub": "(a: Decimal, b: Decimal)-> Decimal",
  "decimal.to_str": "(a: Decimal)-> string",
  "decimal.toward_zero": "()-> int",
  "fmath.approx_eq": "(a: float, b: float, eps: float)-> bool",
  "fmath.e": "()-> float",
  "fmath.lerp": "(a: float, b: float, t: float)-> float",
  "fmath.pi": "()-> float",
  "fmath.round": "(x: float)-> float",
  "fmath.trunc": "(x: float)-> float",
  "hash.crc32": "(s: string)-> int",
  "hash.djb2": "(s: string)-> int",
  "hash.fnv1a_32": "(s: string)-> int",
  "hash.lo_hex": "(n: int)-> int",
  "hash.sdbm": "(s: string)-> int",
  "hash.to_hex": "(h: int)-> string",
  "hex.decode": "(s: string)-> string",
  "hex.encode": "(s: string)-> string",
  "hex.encode_impl": "(s: string, upper: bool)-> string",
  "hex.encode_upper": "(s: string)-> string",
  "hex.hex_digit": "(n: int, upper: bool)-> int",
  "hex.is_valid": "(s: string)-> bool",
  "http.body": "(resp: ptr)-> string",
  "http.body_bytes": "(resp: ptr)-> bytes",
  "http.get": "(url: string)-> ptr",
  "http.get_body": "(url: string)-> string",
  "http.get_status": "(url: string)-> int",
  "http.has_nul": "(s: string)-> bool",
  "http.ok": "(resp: ptr)-> bool",
  "http.post": "(url: string, body: string, content_type: string)-> ptr",
  "http.post_bytes": "(url: string, body: bytes, content_type: string)-> ptr",
  "http.release": "(resp: ptr)",
  "http.status": "(resp: ptr)-> int",
  "httpd.all_digits": "(s: string)-> bool",
  "httpd.ascii_lower": "(s: string)-> string",
  "httpd.bad_request": "()-> Request",
  "httpd.bodyless": "(status: int)-> bool",
  "httpd.cause_of": "(e: net.NetErr)-> ReqErr",
  "httpd.chomp": "(s: string)-> string",
  "httpd.connection_close": "(r: Request)-> bool",
  "httpd.content_length_conflict": "(r: Request)-> bool",
  "httpd.content_type": "(path: string)-> string",
  "httpd.crlf": "()-> string",
  "httpd.framing": "(r: Request)-> (int, bool)",
  "httpd.has_ext": "(path: string, ext: string)-> bool",
  "httpd.has_token": "(hay: string, needle: string)-> bool",
  "httpd.header": "(r: Request, name: string)-> string",
  "httpd.no_crlf": "(s: string)-> string",
  "httpd.parse_len": "(s: string)-> (int, bool)",
  "httpd.parse_request": "(raw: string)-> Result(Request, ReqErr)",
  "httpd.read_request": "(fd: int)-> Result(Request, ReqErr)",
  "httpd.read_request_capped": "(fd: int, cap: int)-> (Result(Request, ReqErr), string)",
  "httpd.read_request_deadline": "(fd: int, cap: int, deadline_ms: int)-> (Result(Request, ReqErr), string)",
  "httpd.reason_phrase": "(status: int)-> string",
  "httpd.render": "(r: Response)-> bytes",
  "httpd.render_head": "(r: Response)-> string",
  "httpd.response": "(status: int, body: bytes)-> Response",
  "httpd.response_reason": "(status: int, reason: string, body: bytes)-> Response",
  "httpd.text_response": "(status: int, body: string)-> Response",
  "httpd.to_uint": "(s: string)-> int",
  "httpd.trim": "(s: string)-> string",
  "httpd.with_body": "(r: Response, body: bytes)-> Response",
  "httpd.with_connection": "(r: Response, alive: bool)-> Response",
  "httpd.with_header": "(r: Response, key: string, val: string)-> Response",
  "httpd.write_response": "(fd: int, r: Response)-> Result(int, net.NetErr)",
  "image._cause": "(st: int)-> ImgErr",
  "image.decode": "(data: bytes)-> Result(Image, ImgErr)",
  "image.encode": "(img: Image)-> Result(bytes, ImgErr)",
  "image.make": "(width: int, height: int, pixels: bytes)-> Image",
  "intern.count": "(i: Interner($K, $V))-> int",
  "intern.get": "(i: Interner($K, $V), h: Handle)-> $V where hashable(K)",
  "intern.intern": "(i: inout Interner($K, $V), k: $K, v: $V)-> Handle where hashable(K)",
  "io._status": "(st: int)-> Result(void, IoErr)",
  "io.append": "(p: string, s: string)-> bool",
  "io.append_text": "(p: string, s: string)-> Result(void, IoErr)",
  "io.close_lines": "(r: ptr)",
  "io.copy": "(src: string, dst: string)-> Result(void, IoErr)",
  "io.exists": "(p: string)-> bool",
  "io.fold_lines": "(path: string, init: $A, f: fn($A, string)-> $A) -> $A",
  "io.has_nul": "(p: string)-> bool",
  "io.is_dir": "(p: string)-> Result(bool, IoErr)",
  "io.list": "(p: string)-> [string]",
  "io.list_checked": "(p: string)-> Result([string], IoErr)",
  "io.make_dir": "(p: string)-> Result(bool, IoErr)",
  "io.make_dir_all": "(p: string)-> Result(bool, IoErr)",
  "io.mtime": "(p: string)-> Result(int, IoErr)",
  "io.open_lines": "(path: string)-> ptr",
  "io.read": "(p: string)-> string",
  "io.read_at": "(p: string, off: int, n: int)-> Result(bytes, IoErr)",
  "io.read_bytes": "(p: string)-> Result(bytes, IoErr)",
  "io.read_line": "(r: ptr)-> Option(string)",
  "io.read_lines": "(p: string)-> [string]",
  "io.read_text": "(p: string)-> Result(string, IoErr)",
  "io.remove": "(p: string)-> Result(bool, IoErr)",
  "io.set_mtime": "(p: string, secs: int)-> Result(void, IoErr)",
  "io.size": "(p: string)-> Result(int, IoErr)",
  "io.sync": "(p: string)-> Result(void, IoErr)",
  "io.write": "(p: string, s: string)-> bool",
  "io.write_at": "(p: string, off: int, b: bytes)-> Result(void, IoErr)",
  "io.write_bytes": "(p: string, b: bytes)-> Result(void, IoErr)",
  "io.write_lines": "(p: string, lines: [string])-> bool",
  "iter.any": "(xs: [$T], pred: fn($T)-> bool) -> bool",
  "iter.count": "(xs: [$T], pred: fn($T)-> bool) -> int",
  "iter.filter": "(xs: [$T], keep: fn($T)-> bool) -> [$T]",
  "iter.map": "(xs: [$T], f: fn($T)-> $U) -> [$U]",
  "iter.reduce": "(xs: [$T], init: $T, f: fn($T, $T)-> $T) -> $T",
  "iter.try_filter": "(xs: [$T], keep: fn($T)-> Result(bool, $E)) -> Result([$T], $E)",
  "iter.try_map": "(xs: [$T], f: fn($T)-> Result($U, $E)) -> Result([$U], $E)",
  "json.as_bool": "(j: Json)-> bool",
  "json.as_float": "(j: Json)-> float",
  "json.as_lexeme": "(j: Json)-> string",
  "json.as_num": "(j: Json)-> int",
  "json.as_str": "(j: Json)-> string",
  "json.at": "(j: Json, i: int)-> Json",
  "json.depth_of": "(s: string)-> int",
  "json.err_at": "(code: int, off: int)-> JsonErr",
  "json.err_offset": "(e: JsonErr)-> int",
  "json.err_reason": "(e: JsonErr)-> string",
  "json.err_str": "(e: JsonErr)-> string",
  "json.esc": "(s: string)-> string",
  "json.get": "(j: Json, key: string)-> Json",
  "json.hex4": "(s: string, n: int, pos: inout int, ecode: inout int)-> int",
  "json.hexdig": "(v: int)-> string",
  "json.hexval": "(c: int)-> int",
  "json.key_index": "(ks: [string], k: string)-> int",
  "json.keys": "(j: Json)-> [string]",
  "json.kind": "(j: Json)-> string",
  "json.len_of": "(j: Json)-> int",
  "json.parse": "(s: string)-> Json",
  "json.parse_array": "(s: string, n: int, pos: inout int, ecode: inout int)-> Json",
  "json.parse_checked": "(s: string)-> Result(Json, JsonErr)",
  "json.parse_number": "(s: string, n: int, pos: inout int, ecode: inout int)-> Json",
  "json.parse_object": "(s: string, n: int, pos: inout int, ecode: inout int)-> Json",
  "json.parse_string": "(s: string, n: int, pos: inout int, ecode: inout int)-> string",
  "json.parse_value": "(s: string, n: int, pos: inout int, ecode: inout int)-> Json",
  "json.skip_ws": "(s: string, n: int, pos: inout int)",
  "json.stringify": "(j: Json)-> string",
  "json.utf8": "(cp: int)-> string",
  "json.utf8_len": "(s: string, pos: int, n: int)-> int",
  "log.debug": "(l: inout Logger, msg: string)",
  "log.error": "(l: inout Logger, msg: string)",
  "log.info": "(l: inout Logger, msg: string)",
  "log.init": "(level: int, to_stderr: bool)-> Logger",
  "log.level_debug": "()-> int",
  "log.level_error": "()-> int",
  "log.level_info": "()-> int",
  "log.level_warn": "()-> int",
  "log.line": "(l: inout Logger, level: int, msg: string)",
  "log.warn": "(l: inout Logger, msg: string)",
  "markdown.ascii_lower_md": "(s: string)-> string",
  "markdown.esc": "(s: string)-> string",
  "markdown.find_from": "(s: string, close: string, from: int)-> int",
  "markdown.heading_level": "(line: string)-> int",
  "markdown.index_from": "(s: string, b: int, from: int)-> int",
  "markdown.inline": "(s: string)-> string",
  "markdown.inline_at": "(s: string, depth: int)-> string",
  "markdown.is_blank": "(s: string)-> bool",
  "markdown.is_hr": "(line: string)-> bool",
  "markdown.ol_item": "(line: string)-> string",
  "markdown.render": "(src: string)-> string",
  "markdown.render_at": "(src: string, depth: int)-> string",
  "markdown.safe_url": "(u: string)-> bool",
  "markdown.ul_item": "(line: string)-> string",
  "math.abs": "(x: int)-> int",
  "math.clamp": "(x: $T, lo: $T, hi: $T)-> $T where comparable(T)",
  "math.gcd": "(a: int, b: int)-> int",
  "math.ipow": "(base: int, exp: int)-> int",
  "math.max": "(a: $T, b: $T)-> $T where comparable(T)",
  "math.min": "(a: $T, b: $T)-> $T where comparable(T)",
  "math.sign": "(x: $T)-> int where numeric(T)",
  "md5.digest": "(msg: string)-> [int]",
  "md5.hex": "(msg: string)-> string",
  "md5.hex2": "(b: int)-> string",
  "md5.k_table": "()-> [u32]",
  "md5.lo_hex": "(n: int)-> int",
  "md5.rotl": "(x: u32, c: int)-> u32",
  "md5.s_table": "()-> [int]",
  "md5.to_u32_all": "(xs: [int])-> [u32]",
  "net.accept": "(fd: int)-> Result(int, NetErr)",
  "net.accept_wait": "(fd: int, ms: int)-> Result(int, NetErr)",
  "net.close_fd": "(fd: int)",
  "net.connect": "(host: string, port: int)-> Result(int, NetErr)",
  "net.has_nul": "(host: string)-> bool",
  "net.listen": "(host: string, port: int)-> Result(int, NetErr)",
  "net.peer_addr": "(fd: int)-> Result(string, NetErr)",
  "net.port_of": "(fd: int)-> Result(int, NetErr)",
  "net.read": "(fd: int, max: int)-> Result(bytes, NetErr)",
  "net.set_read_timeout_ms": "(fd: int, ms: int)-> bool",
  "net.udp_bind": "(host: string, port: int)-> int",
  "net.udp_read": "(fd: int, max: int)-> bytes",
  "net.udp_send": "(fd: int, host: string, port: int, data: bytes)-> int",
  "net.wait_readable": "(fds: [int], ms: int)-> Result([int], NetErr)",
  "net.write": "(fd: int, data: bytes)-> Result(int, NetErr)",
  "os.argv_has_nul": "(argv: [string])-> bool",
  "os.exec": "(argv: [string])-> int",
  "os.exec_out": "(argv: [string])-> Output",
  "os.has_nul": "(s: string)-> bool",
  "os.run": "(cmd: string)-> Output",
  "os.system": "(cmd: string)-> int",
  "path.base": "(p: string)-> string",
  "path.clean": "(p: string)-> string",
  "path.dir": "(p: string)-> string",
  "path.ext": "(p: string)-> string",
  "path.is_abs": "(p: string)-> bool",
  "path.join": "(a: string, b: string)-> string",
  "path.last_slash": "(s: string)-> int",
  "path.real": "(p: string)-> string",
  "path.resolve_under": "(base: string, rel: string)-> string",
  "path.safe_join": "(base: string, rel: string)-> string",
  "path.split_path": "(p: string)-> (string, string)",
  "path.stem": "(p: string)-> string",
  "path.under": "(root: string, p: string)-> bool",
  "pool.add": "(p: inout Pool($T), v: $T)-> Handle",
  "pool.alive": "(p: Pool($T), h: Handle)-> bool",
  "pool.count": "(p: Pool($T))-> int",
  "pool.generation_of": "(h: Handle)-> int",
  "pool.get": "(p: Pool($T), h: Handle)-> $T",
  "pool.index_of": "(h: Handle)-> int",
  "pool.live": "(p: Pool($T))-> [Handle]",
  "pool.pack": "(idx: int, gen: int)-> Handle",
  "pool.remove": "(p: inout Pool($T), h: Handle)",
  "pool.set": "(p: inout Pool($T), h: Handle, v: $T)",
  "rand.below": "(state: inout int, n: int)-> int",
  "rand.next": "(state: inout int)-> int",
  "rand.seed": "(n: int)-> int",
  "rand.shuffle": "(state: inout int, xs: [int])-> [int]",
  "raster.decode_bmp": "(data: bytes)-> Image",
  "raster.decode_qoi": "(data: bytes)-> Image",
  "raster.empty_image": "()-> Image",
  "raster.encode_bmp": "(img: Image)-> bytes",
  "raster.encode_qoi": "(img: Image)-> bytes",
  "raster.make": "(width: int, height: int, pixels: bytes)-> Image",
  "raster.qoi_hash": "(r: int, g: int, b: int, a: int)-> int",
  "raster.rd_u32_be": "(s: string, i: int)-> int",
  "raster.too_big": "(w: int, h: int)-> bool",
  "raster.wrap8": "(d: int)-> int",
  "regex.compile": "(pattern: string)-> ptr",
  "regex.find": "(re: ptr, s: string)-> int",
  "regex.find_end": "(re: ptr, s: string)-> int",
  "regex.group": "(re: ptr, s: string, n: int)-> string",
  "regex.group_end": "(re: ptr, s: string, n: int)-> int",
  "regex.group_start": "(re: ptr, s: string, n: int)-> int",
  "regex.groups": "(re: ptr, s: string)-> [string]",
  "regex.is_match": "(re: ptr, s: string)-> bool",
  "regex.matched": "(re: ptr, s: string)-> string",
  "regex.ngroups": "(re: ptr)-> int",
  "regex.ok": "(re: ptr)-> bool",
  "regex.release": "(re: ptr)",
  "result.err_or": "(r: Result($T, $E), fallback: $E)-> $E",
  "result.is_err": "(r: Result($T, $E))-> bool",
  "result.is_ok": "(r: Result($T, $E))-> bool",
  "result.is_some": "(o: Option($T))-> bool",
  "result.map_err": "(r: Result($T, $E), replacement: $F)-> Result($T, $F)",
  "result.map_err_with": "(r: Result($T, $E), f: fn($E)-> $F) -> Result($T, $F)",
  "result.some_or": "(o: Option($T), fallback: $T)-> $T",
  "result.unwrap_or": "(r: Result($T, $E), fallback: $T)-> $T",
  "sha256.bigsig0": "(x: u32)-> u32",
  "sha256.bigsig1": "(x: u32)-> u32",
  "sha256.block": "(hv: inout [u32], kt: [u32], src: bytes, base: int)",
  "sha256.ch": "(x: u32, y: u32, z: u32)-> u32",
  "sha256.digest": "(msg: string)-> [int]",
  "sha256.final": "(st: inout State)-> [int]",
  "sha256.final_hex": "(st: inout State)-> string",
  "sha256.h_init": "()-> [u32]",
  "sha256.hex": "(msg: string)-> string",
  "sha256.hex2": "(b: int)-> string",
  "sha256.init": "()-> State",
  "sha256.k_table": "()-> [u32]",
  "sha256.lo_hex": "(n: int)-> int",
  "sha256.maj": "(x: u32, y: u32, z: u32)-> u32",
  "sha256.pow2": "(n: int)-> int",
  "sha256.rotr": "(x: u32, n: int)-> u32",
  "sha256.shr": "(x: u32, n: int)-> u32",
  "sha256.smallsig0": "(x: u32)-> u32",
  "sha256.smallsig1": "(x: u32)-> u32",
  "sha256.to_u32_all": "(xs: [int])-> [u32]",
  "sha256.update": "(st: inout State, data: bytes)",
  "signal.on_shutdown": "(fd: int)-> bool",
  "signal.register_conn": "(slot: int, fd: int)-> bool",
  "signal.retire_conn": "(slot: int)",
  "signal.shutdown_requested": "()-> bool",
  "sort.argsort": "(keys: [$T])-> [int] where comparable(T)",
  "sort.argsort_desc": "(keys: [$T])-> [int] where comparable(T)",
  "sort.asc": "(xs: [$T])-> [$T] where comparable(T)",
  "sort.by_key": "(xs: [$T], key: fn($T)-> int) -> [$T]",
  "sort.desc": "(xs: [$T])-> [$T] where comparable(T)",
  "sort.sort_by": "(xs: [$T], cmp: fn($T, $T)-> int) -> [$T]",
  "sqlite.close": "(d: inout Db)",
  "sqlite.errmsg": "(d: Db)-> string",
  "sqlite.exec": "(d: inout Db, sql: string)-> Result(int, string)",
  "sqlite.exec_params": "(d: inout Db, sql: string, params: [string])-> Result(int, string)",
  "sqlite.open": "(path: string)-> Result(Db, string)",
  "sqlite.query": "(d: inout Db, sql: string)-> Result([[string]], string)",
  "sqlite.query_null": "(d: inout Db, sql: string)-> Result([[Option(string)]], string)",
  "sqlite.query_null_params": "(d: inout Db, sql: string, params: [string])-> Result([[Option(string)]], string)",
  "sqlite.query_params": "(d: inout Db, sql: string, params: [string])-> Result([[string]], string)",
  "sqlite.run_stmt": "(d: inout Db, sql: string, params: [string])-> Result(ptr, string)",
  "strings.capitalize": "(s: string)-> string",
  "strings.contains": "(s: string, sub: string)-> bool",
  "strings.count": "(s: string, sub: string)-> int",
  "strings.ends_with": "(s: string, suffix: string)-> bool",
  "strings.format_g17": "(v: float)-> string",
  "strings.is_space": "(c: int)-> bool",
  "strings.lines": "(s: string)-> [string]",
  "strings.pad_left": "(s: string, width: int, pad: string)-> string",
  "strings.pad_right": "(s: string, width: int, pad: string)-> string",
  "strings.parse_float": "(s: string)-> Result(float, FloatErr)",
  "strings.parse_int": "(s: string)-> int",
  "strings.parse_int_checked": "(s: string)-> Result(int, IntErr)",
  "strings.repeat": "(s: string, n: int)-> string",
  "strings.replace": "(s: string, old: string, new: string)-> string",
  "strings.reverse": "(s: string)-> string",
  "strings.slice_bytes": "(b: bytes, start: int, stop: int)-> Result(bytes, SliceErr)",
  "strings.slice_ok": "(n: int, start: int, stop: int)-> Result(void, SliceErr)",
  "strings.slice_str": "(s: string, start: int, stop: int)-> Result(string, SliceErr)",
  "strings.split_once": "(s: string, sep: string)-> (string, string)",
  "strings.starts_with": "(s: string, prefix: string)-> bool",
  "strings.strip_prefix": "(s: string, prefix: string)-> string",
  "strings.strip_suffix": "(s: string, suffix: string)-> string",
  "strings.to_lower": "(s: string)-> string",
  "strings.to_upper": "(s: string)-> string",
  "strings.trim": "(s: string)-> string",
  "testing.check": "(t: inout T, cond: bool, msg: string)",
  "testing.eq": "(t: inout T, got: $T, want: $T, msg: string) where comparable(T)",
  "testing.new": "(name: string)-> T",
  "testing.report": "(t: T)-> int",
  "time.elapsed_ms": "(sw: int)-> int",
  "time.elapsed_ns": "(sw: int)-> int",
  "time.elapsed_us": "(sw: int)-> int",
  "time.ns_to_ms": "(ns: int)-> int",
  "time.ns_to_s": "(ns: int)-> int",
  "time.ns_to_us": "(ns: int)-> int",
  "time.sleep_ms": "(ms: int)",
  "time.sleep_ns": "(ns: int)",
  "time.start": "()-> int",
  "time.unix_secs": "()-> int",
  "tls.close_conn": "(conn: ptr)",
  "tls.connect": "(host: string, port: int)-> ptr",
  "tls.connect_timeout": "(host: string, port: int, ms: int)-> ptr",
  "tls.ok": "(conn: ptr)-> bool",
  "tls.read": "(conn: ptr, max: int)-> bytes",
  "tls.set_timeout_ms": "(conn: ptr, ms: int)-> bool",
  "tls.write": "(conn: ptr, data: bytes)-> int",
  "toml.assign": "(tbl: Value, path: [string], v: Value)-> Value",
  "toml.d2": "(t: string, i: int)-> int",
  "toml.digit_ok": "(c: int, base: int)-> bool",
  "toml.dnum": "(t: string, a: int, b: int)-> int",
  "toml.empty_table": "()-> Value",
  "toml.find_key_eq": "(ln: string)-> int",
  "toml.find_outside_quotes": "(ln: string, target: int)-> int",
  "toml.get": "(t: Value, path: string)-> Option(Value)",
  "toml.has_path": "(tbl: Value, path: [string])-> bool",
  "toml.hex_digit": "(c: int)-> int",
  "toml.index_of": "(ks: [string], k: string)-> int",
  "toml.is_date_head": "(t: string)-> bool",
  "toml.is_date_valid": "(t: string)-> bool",
  "toml.is_num_start": "(c: int)-> bool",
  "toml.is_time_valid": "(t: string)-> bool",
  "toml.keys": "(t: Value)-> [string]",
  "toml.parse": "(s: string)-> Result(Value, string)",
  "toml.parse_array": "(t: string)-> Result(Value, string)",
  "toml.parse_basic": "(t: string)-> Result(Value, string)",
  "toml.parse_key": "(key: string)-> [string]",
  "toml.parse_number": "(t: string)-> Result(Value, string)",
  "toml.parse_value": "(tok: string)-> Result(Value, string)",
  "toml.place": "(root: Value, path: [string], tbl: Value, is_arr: bool)-> Value",
  "toml.split_items": "(body: string)-> [string]",
  "toml.split_path": "(body: string)-> [string]",
  "toml.strip_comment": "(ln: string)-> string",
  "toml.strip_underscores": "(t: string)-> string",
  "toml.underscores_ok": "(t: string, from: int, base: int)-> bool",
  "url.decode": "(s: string)-> string",
  "url.decode_form": "(s: string)-> string",
  "url.decode_impl": "(s: string, plus_space: bool)-> string",
  "url.encode": "(s: string)-> string",
  "url.encode_form": "(s: string)-> string",
  "url.encode_impl": "(s: string, plus_space: bool)-> string",
  "url.is_unreserved": "(c: int)-> bool",
  "url.up_hex": "(n: int)-> int",
  "utf8.count": "(s: string)-> int",
  "utf8.decode": "(s: string, at: int)-> (int, int)",
  "utf8.encode": "(cp: int)-> string",
  "utf8.valid": "(s: string)-> bool",
  "uuid.format": "(buf: [int])-> string",
  "uuid.hex2": "(b: int)-> string",
  "uuid.is_valid": "(s: string)-> bool",
  "uuid.lo_hex": "(n: int)-> int",
  "uuid.nil": "()-> string",
  "uuid.parse": "(s: string)-> [int]",
  "uuid.v4": "(st: inout int)-> string",
  "uuid.version": "(s: string)-> int",
  "zip.crc32": "(b: bytes)-> int",
  "zip.create": "(entries: [Entry])-> bytes",
  "zip.entry_body": "(b: bytes, e: Meta)-> bytes",
  "zip.extract": "(b: bytes, name: string)-> bytes",
  "zip.find_eocd": "(b: bytes)-> int",
  "zip.list": "(b: bytes)-> [Meta]",
  "zip.push_bytes": "(b: inout [int], by: bytes)",
  "zip.push_str": "(b: inout [int], s: string)"
 },
 "keywords": [
  "and",
  "args",
  "bool",
  "bounded",
  "break",
  "bytes",
  "channel",
  "char_at",
  "chr",
  "clock",
  "close",
  "const",
  "continue",
  "core",
  "delete",
  "deprecated",
  "die",
  "elif",
  "else",
  "enum",
  "eprint",
  "eprintln",
  "exit",
  "extern",
  "f32",
  "fabs",
  "false",
  "find",
  "float",
  "floor",
  "fn",
  "for",
  "from_bytes",
  "get",
  "getenv",
  "handle",
  "hash",
  "i16",
  "i32",
  "i64",
  "i8",
  "if",
  "import",
  "in",
  "inout",
  "input",
  "int",
  "is",
  "is_null",
  "keys",
  "len",
  "list_dir",
  "map_del",
  "map_get",
  "map_has",
  "map_set",
  "match",
  "ncpu",
  "not",
  "now",
  "null",
  "or",
  "or_return",
  "package",
  "packed",
  "parallel",
  "pass",
  "pop",
  "pow",
  "print",
  "println",
  "ptr",
  "push",
  "range",
  "read_all",
  "read_file",
  "recv",
  "reserve",
  "return",
  "select",
  "send",
  "sink",
  "size_of",
  "soa",
  "spawn",
  "split",
  "sqrt",
  "str",
  "string",
  "struct",
  "subscript",
  "substr",
  "to_bool",
  "to_bytes",
  "to_char",
  "to_float",
  "to_int",
  "to_ptr",
  "to_str",
  "to_under",
  "true",
  "type",
  "u16",
  "u32",
  "u64",
  "u8",
  "vector",
  "void",
  "wait",
  "where",
  "while",
  "write_file",
  "yield",
  "zero"
 ]
}